
Microsoft Visual Studio Solution File, Format Version 12.00
# Visual Studio Version 17
VisualStudioVersion = 17.11.35327.3
MinimumVisualStudioVersion = 10.0.40219.1
Project("{FAE04EC0-301F-11D3-BF4B-00C04F79EFBC}") = "MyECommerece", "MyECommerece\MyECommerece.csproj", "{4423D8DA-F422-49E8-91B9-5C3748BEC430}"
EndProject
Global
	GlobalSection(SolutionConfigurationPlatforms) = preSolution
		Debug|Any CPU = Debug|Any CPU
		Release|Any CPU = Release|Any CPU
	EndGlobalSection
	GlobalSection(ProjectConfigurationPlatforms) = postSolution
		{4423D8DA-F422-49E8-91B9-5C3748BEC430}.Debug|Any CPU.ActiveCfg = Debug|Any CPU
		{4423D8DA-F422-49E8-91B9-5C3748BEC430}.Debug|Any CPU.Build.0 = Debug|Any CPU
		{4423D8DA-F422-49E8-91B9-5C3748BEC430}.Release|Any CPU.ActiveCfg = Release|Any CPU
		{4423D8DA-F422-49E8-91B9-5C3748BEC430}.Release|Any CPU.Build.0 = Release|Any CPU
	EndGlobalSection
	GlobalSection(SolutionProperties) = preSolution
		HideSolutionNode = FALSE
	EndGlobalSection
	GlobalSection(ExtensibilityGlobals) = postSolution
		SolutionGuid = {56E8805E-2294-4EB3-9311-FBF42AD2F337}
	EndGlobalSection
EndGlobal
